
Microsoft Visual Studio Solution File, Format Version 12.00
# Visual Studio 15
VisualStudioVersion = 15.0.28307.1062
MinimumVisualStudioVersion = 10.0.40219.1
Project("{FAE04EC0-301F-11D3-BF4B-00C04F79EFBC}") = "SortCSharp", "SortCSharp.csproj", "{A189DF0D-69D3-4B6C-94B2-B14DCBAC9CC4}"
EndProject
Global
	GlobalSection(SolutionConfigurationPlatforms) = preSolution
		Debug|Any CPU = Debug|Any CPU
		Release|Any CPU = Release|Any CPU
	EndGlobalSection
	GlobalSection(ProjectConfigurationPlatforms) = postSolution
		{A189DF0D-69D3-4B6C-94B2-B14DCBAC9CC4}.Debug|Any CPU.ActiveCfg = Debug|Any CPU
		{A189DF0D-69D3-4B6C-94B2-B14DCBAC9CC4}.Debug|Any CPU.Build.0 = Debug|Any CPU
		{A189DF0D-69D3-4B6C-94B2-B14DCBAC9CC4}.Release|Any CPU.ActiveCfg = Release|Any CPU
		{A189DF0D-69D3-4B6C-94B2-B14DCBAC9CC4}.Release|Any CPU.Build.0 = Release|Any CPU
	EndGlobalSection
	GlobalSection(SolutionProperties) = preSolution
		HideSolutionNode = FALSE
	EndGlobalSection
	GlobalSection(ExtensibilityGlobals) = postSolution
		SolutionGuid = {08EF87DE-46EB-4C28-B994-5A06769FA2EF}
	EndGlobalSection
EndGlobal
